<Solution>
  <Folder Name="/Semana 1/">
    <Project Path="Semana 1/Conversao/Conversao.csproj" Id="5730b5c1-949f-4ded-b9f7-44ce0f0639d9" />
    <Project Path="Semana 1/EntradaSaida/EntradaSaida.csproj" Id="1544e09c-4e1c-43b8-af97-d53120902e19" />
    <Project Path="Semana 1/Estudos de dados/Estudos de dados.csproj" Id="035082b8-dfba-4080-9c0a-e990e187fbc6" />
    <Project Path="Semana 1/Exercicio Conversor/Exercicio Conversor.csproj" Id="82281fe1-5ad2-4ba2-bdc1-fed5eb9a71cb" />
    <Project Path="Semana 1/FormsAppNetFramework/FormsAppNetFramework.csproj" Id="a6aa204c-4025-4be3-b753-3272a785e88a" />
    <Project Path="Semana 1/Operadores/Operadores.csproj" Id="73e0b47b-54bf-4917-bf73-d96d8b7c7cae" />
    <Project Path="Semana 1/ProjetoHelloWorld/ProjetoHelloWorld/ProjetoHelloWorld.csproj" Id="6f3ad055-c31f-485e-9a5a-43edd60453a7" />
    <Project Path="Semana 1/Variaveis/Variaveis.csproj" Id="616975f4-d47f-4892-b53d-2c58a5d805f0" />
  </Folder>
  <Folder Name="/Semana 2/">
    <Project Path="Semana 2/Calculadora/Calculadora.csproj" Id="010a779c-7054-4342-9fd0-c75875918d1f" />
    <Project Path="Semana 2/Ciclos/Ciclos.csproj" Id="f35306b6-ff60-49ac-988d-8079ce83a70b" />
    <Project Path="Semana 2/Controle Switch Case/Controle Switch Case.csproj" Id="6ce4160c-69ce-4dc4-ae61-48eaaf43e41a" />
    <Project Path="Semana 2/Estruturas_Condicionais/Estruturas_Condicionais.csproj" Id="d7a7a446-e89f-4b5e-a33c-27063b0e6664" />
    <Project Path="Semana 2/Ex Calcular IMC/Ex Calcular IMC.csproj" Id="42e583c5-6d08-4fef-b63e-2c8d48ad0510" />
    <Project Path="Semana 2/Ex Fibonacci/Ex Fibonacci.csproj" Id="62c2e370-b84f-49e6-9450-6d15907af498" />
    <Project Path="Semana 2/Matriz Array bidimensional/Matriz Array bidimensional.csproj" Id="ed544862-0667-4105-89e9-5a02687d2e6b" />
    <Project Path="Semana 2/Vetor Array unidimensional/Vetor Array unidimensional.csproj" Id="b50ad3d4-3c8b-46ee-a73a-2680e3626146" />
  </Folder>
  <Folder Name="/Semana 3/">
    <Project Path="MetodosDasClasses/MetodosDasClasses.csproj" Id="a516ae4e-9057-43a2-aa10-d4ce22d0dee2" />
    <Project Path="Semana 3/ClassesObjetos/ClassesObjetos.csproj" Id="c53c8127-c75d-4319-9be9-0cb181e88e96" />
  </Folder>
</Solution>
